{
    "_meta": {
        "hash": {
            "sha256": "16a738ca61e5feb0f5dab0eb75c6ae4b7c308bb7d38d0d32a13f6eb20ecb6d4d"
        },
        "pipfile-spec": 6,
        "requires": {
            "python_version": "3.6"
        },
        "sources": [
            {
                "name": "pypi",
                "url": "https://pypi.org/simple",
                "verify_ssl": true
            }
        ]
    },
    "default": {
        "cffi": {
            "hashes": [
                "sha256:0b49274afc941c626b605fb59b59c3485c17dc776dc3cc7cc14aca74cc19cc42",
                "sha256:0e3ea92942cb1168e38c05c1d56b0527ce31f1a370f6117f1d490b8dcd6b3a04",
                "sha256:135f69aecbf4517d5b3d6429207b2dff49c876be724ac0c8bf8e1ea99df3d7e5",
                "sha256:19db0cdd6e516f13329cba4903368bff9bb5a9331d3410b1b448daaadc495e54",
                "sha256:2781e9ad0e9d47173c0093321bb5435a9dfae0ed6a762aabafa13108f5f7b2ba",
                "sha256:291f7c42e21d72144bb1c1b2e825ec60f46d0a7468f5346841860454c7aa8f57",
                "sha256:2c5e309ec482556397cb21ede0350c5e82f0eb2621de04b2633588d118da4396",
                "sha256:2e9c80a8c3344a92cb04661115898a9129c074f7ab82011ef4b612f645939f12",
                "sha256:32a262e2b90ffcfdd97c7a5e24a6012a43c61f1f5a57789ad80af1d26c6acd97",
                "sha256:3c9fff570f13480b201e9ab69453108f6d98244a7f495e91b6c654a47486ba43",
                "sha256:415bdc7ca8c1c634a6d7163d43fb0ea885a07e9618a64bda407e04b04333b7db",
                "sha256:42194f54c11abc8583417a7cf4eaff544ce0de8187abaf5d29029c91b1725ad3",
                "sha256:4424e42199e86b21fc4db83bd76909a6fc2a2aefb352cb5414833c030f6ed71b",
                "sha256:4a43c91840bda5f55249413037b7a9b79c90b1184ed504883b72c4df70778579",
                "sha256:599a1e8ff057ac530c9ad1778293c665cb81a791421f46922d80a86473c13346",
                "sha256:5c4fae4e9cdd18c82ba3a134be256e98dc0596af1e7285a3d2602c97dcfa5159",
                "sha256:5ecfa867dea6fabe2a58f03ac9186ea64da1386af2159196da51c4904e11d652",
                "sha256:62f2578358d3a92e4ab2d830cd1c2049c9c0d0e6d3c58322993cc341bdeac22e",
                "sha256:6471a82d5abea994e38d2c2abc77164b4f7fbaaf80261cb98394d5793f11b12a",
                "sha256:6d4f18483d040e18546108eb13b1dfa1000a089bcf8529e30346116ea6240506",
                "sha256:71a608532ab3bd26223c8d841dde43f3516aa5d2bf37b50ac410bb5e99053e8f",
                "sha256:74a1d8c85fb6ff0b30fbfa8ad0ac23cd601a138f7509dc617ebc65ef305bb98d",
                "sha256:7b93a885bb13073afb0aa73ad82059a4c41f4b7d8eb8368980448b52d4c7dc2c",
                "sha256:7d4751da932caaec419d514eaa4215eaf14b612cff66398dd51129ac22680b20",
                "sha256:7f627141a26b551bdebbc4855c1157feeef18241b4b8366ed22a5c7d672ef858",
                "sha256:8169cf44dd8f9071b2b9248c35fc35e8677451c52f795daa2bb4643f32a540bc",
                "sha256:aa00d66c0fab27373ae44ae26a66a9e43ff2a678bf63a9c7c1a9a4d61172827a",
                "sha256:ccb032fda0873254380aa2bfad2582aedc2959186cce61e3a17abc1a55ff89c3",
                "sha256:d754f39e0d1603b5b24a7f8484b22d2904fa551fe865fd0d4c3332f078d20d4e",
                "sha256:d75c461e20e29afc0aee7172a0950157c704ff0dd51613506bd7d82b718e7410",
                "sha256:dcd65317dd15bc0451f3e01c80da2216a31916bdcffd6221ca1202d96584aa25",
                "sha256:e570d3ab32e2c2861c4ebe6ffcad6a8abf9347432a37608fe1fbd157b3f0036b",
                "sha256:fd43a88e045cf992ed09fa724b5315b790525f2676883a6ea64e3263bae6549d"
            ],
            "version": "==1.13.2"
        },
        "cryptography": {
            "hashes": [
                "sha256:02079a6addc7b5140ba0825f542c0869ff4df9a69c360e339ecead5baefa843c",
                "sha256:1df22371fbf2004c6f64e927668734070a8953362cd8370ddd336774d6743595",
                "sha256:369d2346db5934345787451504853ad9d342d7f721ae82d098083e1f49a582ad",
                "sha256:3cda1f0ed8747339bbdf71b9f38ca74c7b592f24f65cdb3ab3765e4b02871651",
                "sha256:44ff04138935882fef7c686878e1c8fd80a723161ad6a98da31e14b7553170c2",
                "sha256:4b1030728872c59687badcca1e225a9103440e467c17d6d1730ab3d2d64bfeff",
                "sha256:58363dbd966afb4f89b3b11dfb8ff200058fbc3b947507675c19ceb46104b48d",
                "sha256:6ec280fb24d27e3d97aa731e16207d58bd8ae94ef6eab97249a2afe4ba643d42",
                "sha256:7270a6c29199adc1297776937a05b59720e8a782531f1f122f2eb8467f9aab4d",
                "sha256:73fd30c57fa2d0a1d7a49c561c40c2f79c7d6c374cc7750e9ac7c99176f6428e",
                "sha256:7f09806ed4fbea8f51585231ba742b58cbcfbfe823ea197d8c89a5e433c7e912",
                "sha256:90df0cc93e1f8d2fba8365fb59a858f51a11a394d64dbf3ef844f783844cc793",
                "sha256:971221ed40f058f5662a604bd1ae6e4521d84e6cad0b7b170564cc34169c8f13",
                "sha256:a518c153a2b5ed6b8cc03f7ae79d5ffad7315ad4569b2d5333a13c38d64bd8d7",
                "sha256:b0de590a8b0979649ebeef8bb9f54394d3a41f66c5584fff4220901739b6b2f0",
                "sha256:b43f53f29816ba1db8525f006fa6f49292e9b029554b3eb56a189a70f2a40879",
                "sha256:d31402aad60ed889c7e57934a03477b572a03af7794fa8fb1780f21ea8f6551f",
                "sha256:de96157ec73458a7f14e3d26f17f8128c959084931e8997b9e655a39c8fde9f9",
                "sha256:df6b4dca2e11865e6cfbfb708e800efb18370f5a46fd601d3755bc7f85b3a8a2",
                "sha256:ecadccc7ba52193963c0475ac9f6fa28ac01e01349a2ca48509667ef41ffd2cf",
                "sha256:fb81c17e0ebe3358486cd8cc3ad78adbae58af12fc2bf2bc0bb84e8090fa5ce8"
            ],
            "index": "pypi",
            "version": "==2.8"
        },
        "libmagic": {
            "hashes": [
                "sha256:649f1ce7fb7c92796badbb812555e4a926351da4f5cdf82e810b5cd371aedf8d"
            ],
            "index": "pypi",
            "version": "==1.0"
        },
        "numpy": {
            "hashes": [
                "sha256:1786a08236f2c92ae0e70423c45e1e62788ed33028f94ca99c4df03f5be6b3c6",
                "sha256:17aa7a81fe7599a10f2b7d95856dc5cf84a4eefa45bc96123cbbc3ebc568994e",
                "sha256:20b26aaa5b3da029942cdcce719b363dbe58696ad182aff0e5dcb1687ec946dc",
                "sha256:2d75908ab3ced4223ccba595b48e538afa5ecc37405923d1fea6906d7c3a50bc",
                "sha256:39d2c685af15d3ce682c99ce5925cc66efc824652e10990d2462dfe9b8918c6a",
                "sha256:56bc8ded6fcd9adea90f65377438f9fea8c05fcf7c5ba766bef258d0da1554aa",
                "sha256:590355aeade1a2eaba17617c19edccb7db8d78760175256e3cf94590a1a964f3",
                "sha256:70a840a26f4e61defa7bdf811d7498a284ced303dfbc35acb7be12a39b2aa121",
                "sha256:77c3bfe65d8560487052ad55c6998a04b654c2fbc36d546aef2b2e511e760971",
                "sha256:9537eecf179f566fd1c160a2e912ca0b8e02d773af0a7a1120ad4f7507cd0d26",
                "sha256:9acdf933c1fd263c513a2df3dceecea6f3ff4419d80bf238510976bf9bcb26cd",
                "sha256:ae0975f42ab1f28364dcda3dde3cf6c1ddab3e1d4b2909da0cb0191fa9ca0480",
                "sha256:b3af02ecc999c8003e538e60c89a2b37646b39b688d4e44d7373e11c2debabec",
                "sha256:b6ff59cee96b454516e47e7721098e6ceebef435e3e21ac2d6c3b8b02628eb77",
                "sha256:b765ed3930b92812aa698a455847141869ef755a87e099fddd4ccf9d81fffb57",
                "sha256:c98c5ffd7d41611407a1103ae11c8b634ad6a43606eca3e2a5a269e5d6e8eb07",
                "sha256:cf7eb6b1025d3e169989416b1adcd676624c2dbed9e3bcb7137f51bfc8cc2572",
                "sha256:d92350c22b150c1cae7ebb0ee8b5670cc84848f6359cf6b5d8f86617098a9b73",
                "sha256:e422c3152921cece8b6a2fb6b0b4d73b6579bd20ae075e7d15143e711f3ca2ca",
                "sha256:e840f552a509e3380b0f0ec977e8124d0dc34dc0e68289ca28f4d7c1d0d79474",
                "sha256:f3d0a94ad151870978fb93538e95411c83899c9dc63e6fb65542f769568ecfa5"
            ],
            "index": "pypi",
            "version": "==1.18.1"
        },
        "protobuf": {
            "hashes": [
                "sha256:0329e86a397db2a83f9dcbe21d9be55a47f963cdabc893c3a24f4d3a8f117c37",
                "sha256:0a7219254afec0d488211f3d482d8ed57e80ae735394e584a98d8f30a8c88a36",
                "sha256:14d6ac53df9cb5bb87c4f91b677c1bc5cec9c0fd44327f367a3c9562de2877c4",
                "sha256:180fc364b42907a1d2afa183ccbeffafe659378c236b1ec3daca524950bb918d",
                "sha256:3d7a7d8d20b4e7a8f63f62de2d192cfd8b7a53c56caba7ece95367ca2b80c574",
                "sha256:3f509f7e50d806a434fe4a5fbf602516002a0f092889209fff7db82060efffc0",
                "sha256:4571da974019849201fc1ec6626b9cea54bd11b6bed140f8f737c0a33ea37de5",
                "sha256:56bd1d84fbf4505c7b73f04de987eef5682e5752c811141b0186a3809bfb396f",
                "sha256:680c668d00b5eff08b86aef9e5ba9a705e621ea05d39071cfea8e28cb2400946",
                "sha256:6b5b947dc8b3f2aec0eaad65b0b5113fcd642c358c31357c647da6281ee31104",
                "sha256:6e96dffaf4d0a9a329e528b353ba62fd9ef13599688723d96bc9c165d0b6871e",
                "sha256:919f0d6f6addc836d08658eba3b52be2e92fd3e76da3ce00c325d8e9826d17c7",
                "sha256:9c7b19c30cf0644afd0e4218b13f637ce54382fdcb1c8f75bf3e84e49a5f6d0a",
                "sha256:a2e6f57114933882ec701807f217df2fb4588d47f71f227c0a163446b930d507",
                "sha256:a6b970a2eccfcbabe1acf230fbf112face1c4700036c95e195f3554d7bcb04c1",
                "sha256:bc45641cbcdea068b67438244c926f9fd3e5cbdd824448a4a64370610df7c593",
                "sha256:d61b14a9090da77fe87e38ba4c6c43d3533dcbeb5d84f5474e7ac63c532dcc9c",
                "sha256:d6faf5dbefb593e127463f58076b62fcfe0784187be8fe1aa9167388f24a22a1"
            ],
            "version": "==3.11.2"
        },
        "pycparser": {
            "hashes": [
                "sha256:a988718abfad80b6b157acce7bf130a30876d27603738ac39f140993246b25b3"
            ],
            "version": "==2.19"
        },
        "python-axolotl": {
            "hashes": [
                "sha256:6a22acbf646c3b736ea1a4663ab5c52687fce6612e92ae6a7fe63803c212fb9e",
                "sha256:fe0e8147423f8dc4ec1077ea18ca5a54091366d22faa903a772ee6ea88b88daf"
            ],
            "index": "pypi",
            "version": "==0.2.3"
        },
        "python-axolotl-curve25519": {
            "hashes": [
                "sha256:0705a66297ebd2f508a60dc94e22881c754301eb81db93963322f6b3bdcb63a3"
            ],
            "version": "==0.4.1.post2"
        },
        "python-dateutil": {
            "hashes": [
                "sha256:73ebfe9dbf22e832286dafa60473e4cd239f8592f699aa5adaf10050e6e1823c",
                "sha256:75bb3f31ea686f1197762692a9ee6a7550b59fc6ca3a1f4b5d7e32fb98e2da2a"
            ],
            "index": "pypi",
            "version": "==2.8.1"
        },
        "python-magic": {
            "hashes": [
                "sha256:f2674dcfad52ae6c49d4803fa027809540b130db1dec928cfbb9240316831375",
                "sha256:f3765c0f582d2dfc72c15f3b5a82aecfae9498bd29ca840d72f37d7bd38bfcd5"
            ],
            "index": "pypi",
            "version": "==0.4.15"
        },
        "python-magic-bin": {
            "hashes": [
                "sha256:34a788c03adde7608028203e2dbb208f1f62225ad91518787ae26d603ae68892",
                "sha256:7b1743b3dbf16601d6eedf4e7c2c9a637901b0faaf24ad4df4d4527e7d8f66a4",
                "sha256:90be6206ad31071a36065a2fc169c5afb5e0355cbe6030e87641c6c62edc2b69"
            ],
            "index": "pypi",
            "version": "==0.4.14"
        },
        "selenium": {
            "hashes": [
                "sha256:2d7131d7bc5a5b99a2d9b04aaf2612c411b03b8ca1b1ee8d3de5845a9be2cb3c",
                "sha256:deaf32b60ad91a4611b98d8002757f29e6f2c2d5fcaf202e1c9ad06d6772300d"
            ],
            "index": "pypi",
            "version": "==3.141.0"
        },
        "six": {
            "hashes": [
                "sha256:236bdbdce46e6e6a3d61a337c0f8b763ca1e8717c03b369e87a7ec7ce1319c0a",
                "sha256:8f3cd2e254d8f793e7f3d6d9df77b92252b52637291d0f0da013c76ea2724b6c"
            ],
            "index": "pypi",
            "version": "==1.14.0"
        },
        "sqlalchemy": {
            "hashes": [
                "sha256:bfb8f464a5000b567ac1d350b9090cf081180ec1ab4aa87e7bca12dab25320ec"
            ],
            "index": "pypi",
            "version": "==1.3.12"
        },
        "typing": {
            "hashes": [
                "sha256:91dfe6f3f706ee8cc32d38edbbf304e9b7583fb37108fef38229617f8b3eba23",
                "sha256:c8cabb5ab8945cd2f54917be357d134db9cc1eb039e59d1606dc1e60cb1d9d36",
                "sha256:f38d83c5a7a7086543a0f649564d661859c5146a85775ab90c0d2f93ffaa9714"
            ],
            "index": "pypi",
            "version": "==3.7.4.1"
        },
        "urllib3": {
            "hashes": [
                "sha256:a8a318824cc77d1fd4b2bec2ded92646630d7fe8619497b142c84a9e6f5a7293",
                "sha256:f3c5fd51747d450d4dcf6f923c81f78f811aab8205fda64b0aba34a4e48b0745"
            ],
            "version": "==1.25.7"
        },
    },
    "develop": {}
}
